// !$*UTF8*$!
{
	archiveVersion = 1;
	classes = {
	};
	objectVersion = 50;
	objects = {

/* Begin PBXBuildFile section */
		2093E02025E593B100E1815C /* AppDelegate.swift in Sources */ = {isa = PBXBuildFile; fileRef = 2093E01F25E593B100E1815C /* AppDelegate.swift */; };
		2093E02225E593B100E1815C /* SceneDelegate.swift in Sources */ = {isa = PBXBuildFile; fileRef = 2093E02125E593B100E1815C /* SceneDelegate.swift */; };
		2093E02425E593B100E1815C /* ListViewController.swift in Sources */ = {isa = PBXBuildFile; fileRef = 2093E02325E593B100E1815C /* ListViewController.swift */; };
		2093E02725E593B100E1815C /* Main.storyboard in Resources */ = {isa = PBXBuildFile; fileRef = 2093E02525E593B100E1815C /* Main.storyboard */; };
		2093E02C25E593B400E1815C /* Assets.xcassets in Resources */ = {isa = PBXBuildFile; fileRef = 2093E02B25E593B400E1815C /* Assets.xcassets */; };
		2093E02F25E593B400E1815C /* LaunchScreen.storyboard in Resources */ = {isa = PBXBuildFile; fileRef = 2093E02D25E593B400E1815C /* LaunchScreen.storyboard */; };
		2093E08625E5AE5700E1815C /* CityDetails.graphql in Resources */ = {isa = PBXBuildFile; fileRef = 2093E08525E5AE5700E1815C /* CityDetails.graphql */; };
		2093E0F225E5C25500E1815C /* API.swift in Sources */ = {isa = PBXBuildFile; fileRef = 2093E0F125E5C25500E1815C /* API.swift */; };
		2093E0F525E5C2D100E1815C /* NetworkManager.swift in Sources */ = {isa = PBXBuildFile; fileRef = 2093E0F425E5C2D100E1815C /* NetworkManager.swift */; };
		2093E0FA25E5C31000E1815C /* Localizable.strings in Resources */ = {isa = PBXBuildFile; fileRef = 2093E0FC25E5C31000E1815C /* Localizable.strings */; };
		2093E10025E5C34700E1815C /* DetailViewController.swift in Sources */ = {isa = PBXBuildFile; fileRef = 2093E0FF25E5C34700E1815C /* DetailViewController.swift */; };
		2093E10F25E611A000E1815C /* UIViewController.swift in Sources */ = {isa = PBXBuildFile; fileRef = 2093E10E25E611A000E1815C /* UIViewController.swift */; };
		2093E11325E6138D00E1815C /* String.swift in Sources */ = {isa = PBXBuildFile; fileRef = 2093E11225E6138D00E1815C /* String.swift */; };
		20A7C79A25E72CFF00221E19 /* UIView.swift in Sources */ = {isa = PBXBuildFile; fileRef = 20A7C79925E72CFF00221E19 /* UIView.swift */; };
		20A7C79D25E72DE100221E19 /* DetailView.swift in Sources */ = {isa = PBXBuildFile; fileRef = 20A7C79C25E72DE100221E19 /* DetailView.swift */; };
		20A7C7A225E741A200221E19 /* Formatter.swift in Sources */ = {isa = PBXBuildFile; fileRef = 20A7C7A125E741A200221E19 /* Formatter.swift */; };
		20A7C7B925E8731C00221E19 /* DataManager.swift in Sources */ = {isa = PBXBuildFile; fileRef = 20A7C7B825E8731C00221E19 /* DataManager.swift */; };
		20A7C81525E8D86200221E19 /* R.generated.swift in Sources */ = {isa = PBXBuildFile; fileRef = 20A7C81425E8D86200221E19 /* R.generated.swift */; };
		2117B8BF81ADEF130D821287 /* libPods-SimpleWeather.a in Frameworks */ = {isa = PBXBuildFile; fileRef = 5B34312461E019D81AE80BA9 /* libPods-SimpleWeather.a */; };
/* End PBXBuildFile section */

/* Begin PBXFileReference section */
		2093E01C25E593B100E1815C /* SimpleWeather.app */ = {isa = PBXFileReference; explicitFileType = wrapper.application; includeInIndex = 0; path = SimpleWeather.app; sourceTree = BUILT_PRODUCTS_DIR; };
		2093E01F25E593B100E1815C /* AppDelegate.swift */ = {isa = PBXFileReference; lastKnownFileType = sourcecode.swift; path = AppDelegate.swift; sourceTree = "<group>"; };
		2093E02125E593B100E1815C /* SceneDelegate.swift */ = {isa = PBXFileReference; lastKnownFileType = sourcecode.swift; path = SceneDelegate.swift; sourceTree = "<group>"; };
		2093E02325E593B100E1815C /* ListViewController.swift */ = {isa = PBXFileReference; lastKnownFileType = sourcecode.swift; path = ListViewController.swift; sourceTree = "<group>"; };
		2093E02625E593B100E1815C /* Base */ = {isa = PBXFileReference; lastKnownFileType = file.storyboard; name = Base; path = Base.lproj/Main.storyboard; sourceTree = "<group>"; };
		2093E02B25E593B400E1815C /* Assets.xcassets */ = {isa = PBXFileReference; lastKnownFileType = folder.assetcatalog; path = Assets.xcassets; sourceTree = "<group>"; };
		2093E02E25E593B400E1815C /* Base */ = {isa = PBXFileReference; lastKnownFileType = file.storyboard; name = Base; path = Base.lproj/LaunchScreen.storyboard; sourceTree = "<group>"; };
		2093E03025E593B400E1815C /* Info.plist */ = {isa = PBXFileReference; lastKnownFileType = text.plist.xml; path = Info.plist; sourceTree = "<group>"; };
		2093E08525E5AE5700E1815C /* CityDetails.graphql */ = {isa = PBXFileReference; lastKnownFileType = text; path = CityDetails.graphql; sourceTree = "<group>"; };
		2093E0EB25E5C23400E1815C /* schema.json */ = {isa = PBXFileReference; lastKnownFileType = text.json; path = schema.json; sourceTree = "<group>"; };
		2093E0F125E5C25500E1815C /* API.swift */ = {isa = PBXFileReference; fileEncoding = 4; lastKnownFileType = sourcecode.swift; path = API.swift; sourceTree = "<group>"; };
		2093E0F425E5C2D100E1815C /* NetworkManager.swift */ = {isa = PBXFileReference; lastKnownFileType = sourcecode.swift; path = NetworkManager.swift; sourceTree = "<group>"; };
		2093E0FB25E5C31000E1815C /* en */ = {isa = PBXFileReference; lastKnownFileType = text.plist.strings; name = en; path = en.lproj/Localizable.strings; sourceTree = "<group>"; };
		2093E0FF25E5C34700E1815C /* DetailViewController.swift */ = {isa = PBXFileReference; lastKnownFileType = sourcecode.swift; path = DetailViewController.swift; sourceTree = "<group>"; };
		2093E10E25E611A000E1815C /* UIViewController.swift */ = {isa = PBXFileReference; lastKnownFileType = sourcecode.swift; path = UIViewController.swift; sourceTree = "<group>"; };
		2093E11225E6138D00E1815C /* String.swift */ = {isa = PBXFileReference; lastKnownFileType = sourcecode.swift; path = String.swift; sourceTree = "<group>"; };
		20A7C79925E72CFF00221E19 /* UIView.swift */ = {isa = PBXFileReference; lastKnownFileType = sourcecode.swift; path = UIView.swift; sourceTree = "<group>"; };
		20A7C79C25E72DE100221E19 /* DetailView.swift */ = {isa = PBXFileReference; lastKnownFileType = sourcecode.swift; path = DetailView.swift; sourceTree = "<group>"; };
		20A7C7A125E741A200221E19 /* Formatter.swift */ = {isa = PBXFileReference; lastKnownFileType = sourcecode.swift; path = Formatter.swift; sourceTree = "<group>"; };
		20A7C7B825E8731C00221E19 /* DataManager.swift */ = {isa = PBXFileReference; lastKnownFileType = sourcecode.swift; path = DataManager.swift; sourceTree = "<group>"; };
		20A7C81425E8D86200221E19 /* R.generated.swift */ = {isa = PBXFileReference; fileEncoding = 4; lastKnownFileType = sourcecode.swift; path = R.generated.swift; sourceTree = SOURCE_ROOT; };
		5B34312461E019D81AE80BA9 /* libPods-SimpleWeather.a */ = {isa = PBXFileReference; explicitFileType = archive.ar; includeInIndex = 0; path = "libPods-SimpleWeather.a"; sourceTree = BUILT_PRODUCTS_DIR; };
		993BDDA50CE42C4AAC681911 /* Pods-SimpleWeather.release.xcconfig */ = {isa = PBXFileReference; includeInIndex = 1; lastKnownFileType = text.xcconfig; name = "Pods-SimpleWeather.release.xcconfig"; path = "Target Support Files/Pods-SimpleWeather/Pods-SimpleWeather.release.xcconfig"; sourceTree = "<group>"; };
		9EB90EEA6EF919E2CAF844FB /* Pods-SimpleWeather.debug.xcconfig */ = {isa = PBXFileReference; includeInIndex = 1; lastKnownFileType = text.xcconfig; name = "Pods-SimpleWeather.debug.xcconfig"; path = "Target Support Files/Pods-SimpleWeather/Pods-SimpleWeather.debug.xcconfig"; sourceTree = "<group>"; };
/* End PBXFileReference section */

/* Begin PBXFrameworksBuildPhase section */
		2093E01925E593B100E1815C /* Frameworks */ = {
			isa = PBXFrameworksBuildPhase;
			buildActionMask = 2147483647;
			files = (
				2117B8BF81ADEF130D821287 /* libPods-SimpleWeather.a in Frameworks */,
			);
			runOnlyForDeploymentPostprocessing = 0;
		};
/* End PBXFrameworksBuildPhase section */

/* Begin PBXGroup section */
		2093E01325E593B100E1815C = {
			isa = PBXGroup;
			children = (
				2093E01E25E593B100E1815C /* SimpleWeather */,
				2093E01D25E593B100E1815C /* Products */,
				C8BC5BA480FC174708C9D2BC /* Pods */,
				9F0973CC257EAA8FBEDA81AA /* Frameworks */,
			);
			sourceTree = "<group>";
		};
		2093E01D25E593B100E1815C /* Products */ = {
			isa = PBXGroup;
			children = (
				2093E01C25E593B100E1815C /* SimpleWeather.app */,
			);
			name = Products;
			sourceTree = "<group>";
		};
		2093E01E25E593B100E1815C /* SimpleWeather */ = {
			isa = PBXGroup;
			children = (
				2093E01F25E593B100E1815C /* AppDelegate.swift */,
				2093E02125E593B100E1815C /* SceneDelegate.swift */,
				2093E02325E593B100E1815C /* ListViewController.swift */,
				2093E0FF25E5C34700E1815C /* DetailViewController.swift */,
				20A7C79C25E72DE100221E19 /* DetailView.swift */,
				2093E10E25E611A000E1815C /* UIViewController.swift */,
				20A7C79925E72CFF00221E19 /* UIView.swift */,
				2093E11225E6138D00E1815C /* String.swift */,
				20A7C7A125E741A200221E19 /* Formatter.swift */,
				20A7C7B825E8731C00221E19 /* DataManager.swift */,
				2093E0F425E5C2D100E1815C /* NetworkManager.swift */,
				2093E0F125E5C25500E1815C /* API.swift */,
				2093E02525E593B100E1815C /* Main.storyboard */,
				2093E02D25E593B400E1815C /* LaunchScreen.storyboard */,
				20A7C81425E8D86200221E19 /* R.generated.swift */,
				2093E02B25E593B400E1815C /* Assets.xcassets */,
				2093E03025E593B400E1815C /* Info.plist */,
				2093E08525E5AE5700E1815C /* CityDetails.graphql */,
				2093E0EB25E5C23400E1815C /* schema.json */,
				2093E0FC25E5C31000E1815C /* Localizable.strings */,
			);
			path = SimpleWeather;
			sourceTree = "<group>";
		};
		9F0973CC257EAA8FBEDA81AA /* Frameworks */ = {
			isa = PBXGroup;
			children = (
				5B34312461E019D81AE80BA9 /* libPods-SimpleWeather.a */,
			);
			name = Frameworks;
			sourceTree = "<group>";
		};
		C8BC5BA480FC174708C9D2BC /* Pods */ = {
			isa = PBXGroup;
			children = (
				9EB90EEA6EF919E2CAF844FB /* Pods-SimpleWeather.debug.xcconfig */,
				993BDDA50CE42C4AAC681911 /* Pods-SimpleWeather.release.xcconfig */,
			);
			path = Pods;
			sourceTree = "<group>";
		};
/* End PBXGroup section */

/* Begin PBXNativeTarget section */
		2093E01B25E593B100E1815C /* SimpleWeather */ = {
			isa = PBXNativeTarget;
			buildConfigurationList = 2093E03325E593B400E1815C /* Build configuration list for PBXNativeTarget "SimpleWeather" */;
			buildPhases = (
				7C1BF705AFF0995098B0D054 /* [CP] Check Pods Manifest.lock */,
				2093E04425E5989B00E1815C /* R.swift */,
				2093E04225E5983500E1815C /* Generate Apollo GraphQL API */,
				2093E01825E593B100E1815C /* Sources */,
				2093E01925E593B100E1815C /* Frameworks */,
				2093E01A25E593B100E1815C /* Resources */,
			);
			buildRules = (
			);
			dependencies = (
			);
			name = SimpleWeather;
			productName = SimpleWeather;
			productReference = 2093E01C25E593B100E1815C /* SimpleWeather.app */;
			productType = "com.apple.product-type.application";
		};
/* End PBXNativeTarget section */

/* Begin PBXProject section */
		2093E01425E593B100E1815C /* Project object */ = {
			isa = PBXProject;
			attributes = {
				LastSwiftUpdateCheck = 1220;
				LastUpgradeCheck = 1220;
				TargetAttributes = {
					2093E01B25E593B100E1815C = {
						CreatedOnToolsVersion = 12.2;
					};
				};
			};
			buildConfigurationList = 2093E01725E593B100E1815C /* Build configuration list for PBXProject "SimpleWeather" */;
			compatibilityVersion = "Xcode 9.3";
			developmentRegion = en;
			hasScannedForEncodings = 0;
			knownRegions = (
				en,
				Base,
			);
			mainGroup = 2093E01325E593B100E1815C;
			productRefGroup = 2093E01D25E593B100E1815C /* Products */;
			projectDirPath = "";
			projectRoot = "";
			targets = (
				2093E01B25E593B100E1815C /* SimpleWeather */,
			);
		};
/* End PBXProject section */

/* Begin PBXResourcesBuildPhase section */
		2093E01A25E593B100E1815C /* Resources */ = {
			isa = PBXResourcesBuildPhase;
			buildActionMask = 2147483647;
			files = (
				2093E0FA25E5C31000E1815C /* Localizable.strings in Resources */,
				2093E02F25E593B400E1815C /* LaunchScreen.storyboard in Resources */,
				2093E02C25E593B400E1815C /* Assets.xcassets in Resources */,
				2093E02725E593B100E1815C /* Main.storyboard in Resources */,
				2093E08625E5AE5700E1815C /* CityDetails.graphql in Resources */,
			);
			runOnlyForDeploymentPostprocessing = 0;
		};
/* End PBXResourcesBuildPhase section */

/* Begin PBXShellScriptBuildPhase section */
		2093E04225E5983500E1815C /* Generate Apollo GraphQL API */ = {
			isa = PBXShellScriptBuildPhase;
			buildActionMask = 2147483647;
			files = (
			);
			inputFileListPaths = (
			);
			inputPaths = (
			);
			name = "Generate Apollo GraphQL API";
			outputFileListPaths = (
			);
			outputPaths = (
			);
			runOnlyForDeploymentPostprocessing = 0;
			shellPath = /bin/sh;
			shellScript = "SCRIPT_PATH=\"${PODS_ROOT}/Apollo/scripts\"\ncd \"${SRCROOT}/${TARGET_NAME}\"\n\"${SCRIPT_PATH}\"/run-bundled-codegen.sh codegen:generate --target=swift --includes=./**/*.graphql --localSchemaFile=\"schema.json\" API.swift\n";
		};
		2093E04425E5989B00E1815C /* R.swift */ = {
			isa = PBXShellScriptBuildPhase;
			buildActionMask = 2147483647;
			files = (
			);
			inputFileListPaths = (
			);
			inputPaths = (
				"$TEMP_DIR/rswift-lastrun",
			);
			name = R.swift;
			outputFileListPaths = (
			);
			outputPaths = (
				$SRCROOT/R.generated.swift,
			);
			runOnlyForDeploymentPostprocessing = 0;
			shellPath = /bin/sh;
			shellScript = "\"$PODS_ROOT/R.swift/rswift\" generate \"$SRCROOT/R.generated.swift\"\n";
		};
		7C1BF705AFF0995098B0D054 /* [CP] Check Pods Manifest.lock */ = {
			isa = PBXShellScriptBuildPhase;
			buildActionMask = 2147483647;
			files = (
			);
			inputFileListPaths = (
			);
			inputPaths = (
				"${PODS_PODFILE_DIR_PATH}/Podfile.lock",
				"${PODS_ROOT}/Manifest.lock",
			);
			name = "[CP] Check Pods Manifest.lock";
			outputFileListPaths = (
			);
			outputPaths = (
				"$(DERIVED_FILE_DIR)/Pods-SimpleWeather-checkManifestLockResult.txt",
			);
			runOnlyForDeploymentPostprocessing = 0;
			shellPath = /bin/sh;
			shellScript = "diff \"${PODS_PODFILE_DIR_PATH}/Podfile.lock\" \"${PODS_ROOT}/Manifest.lock\" > /dev/null\nif [ $? != 0 ] ; then\n    # print error to STDERR\n    echo \"error: The sandbox is not in sync with the Podfile.lock. Run 'pod install' or update your CocoaPods installation.\" >&2\n    exit 1\nfi\n# This output is used by Xcode 'outputs' to avoid re-running this script phase.\necho \"SUCCESS\" > \"${SCRIPT_OUTPUT_FILE_0}\"\n";
			showEnvVarsInLog = 0;
		};
/* End PBXShellScriptBuildPhase section */

/* Begin PBXSourcesBuildPhase section */
		2093E01825E593B100E1815C /* Sources */ = {
			isa = PBXSourcesBuildPhase;
			buildActionMask = 2147483647;
			files = (
				20A7C7A225E741A200221E19 /* Formatter.swift in Sources */,
				20A7C79D25E72DE100221E19 /* DetailView.swift in Sources */,
				2093E11325E6138D00E1815C /* String.swift in Sources */,
				20A7C79A25E72CFF00221E19 /* UIView.swift in Sources */,
				2093E02425E593B100E1815C /* ListViewController.swift in Sources */,
				20A7C7B925E8731C00221E19 /* DataManager.swift in Sources */,
				20A7C81525E8D86200221E19 /* R.generated.swift in Sources */,
				2093E10F25E611A000E1815C /* UIViewController.swift in Sources */,
				2093E02025E593B100E1815C /* AppDelegate.swift in Sources */,
				2093E0F225E5C25500E1815C /* API.swift in Sources */,
				2093E0F525E5C2D100E1815C /* NetworkManager.swift in Sources */,
				2093E02225E593B100E1815C /* SceneDelegate.swift in Sources */,
				2093E10025E5C34700E1815C /* DetailViewController.swift in Sources */,
			);
			runOnlyForDeploymentPostprocessing = 0;
		};
/* End PBXSourcesBuildPhase section */

/* Begin PBXVariantGroup section */
		2093E02525E593B100E1815C /* Main.storyboard */ = {
			isa = PBXVariantGroup;
			children = (
				2093E02625E593B100E1815C /* Base */,
			);
			name = Main.storyboard;
			sourceTree = "<group>";
		};
		2093E02D25E593B400E1815C /* LaunchScreen.storyboard */ = {
			isa = PBXVariantGroup;
			children = (
				2093E02E25E593B400E1815C /* Base */,
			);
			name = LaunchScreen.storyboard;
			sourceTree = "<group>";
		};
		2093E0FC25E5C31000E1815C /* Localizable.strings */ = {
			isa = PBXVariantGroup;
			children = (
				2093E0FB25E5C31000E1815C /* en */,
			);
			name = Localizable.strings;
			sourceTree = "<group>";
		};
/* End PBXVariantGroup section */

/* Begin XCBuildConfiguration section */
		2093E03125E593B400E1815C /* Debug */ = {
			isa = XCBuildConfiguration;
			buildSettings = {
				ALWAYS_SEARCH_USER_PATHS = NO;
				CLANG_ANALYZER_NONNULL = YES;
				CLANG_ANALYZER_NUMBER_OBJECT_CONVERSION = YES_AGGRESSIVE;
				CLANG_CXX_LANGUAGE_STANDARD = "gnu++14";
				CLANG_CXX_LIBRARY = "libc++";
				CLANG_ENABLE_MODULES = YES;
				CLANG_ENABLE_OBJC_ARC = YES;
				CLANG_ENABLE_OBJC_WEAK = YES;
				CLANG_WARN_BLOCK_CAPTURE_AUTORELEASING = YES;
				CLANG_WARN_BOOL_CONVERSION = YES;
				CLANG_WARN_COMMA = YES;
				CLANG_WARN_CONSTANT_CONVERSION = YES;
				CLANG_WARN_DEPRECATED_OBJC_IMPLEMENTATIONS = YES;
				CLANG_WARN_DIRECT_OBJC_ISA_USAGE = YES_ERROR;
				CLANG_WARN_DOCUMENTATION_COMMENTS = YES;
				CLANG_WARN_EMPTY_BODY = YES;
				CLANG_WARN_ENUM_CONVERSION = YES;
				CLANG_WARN_INFINITE_RECURSION = YES;
				CLANG_WARN_INT_CONVERSION = YES;
				CLANG_WARN_NON_LITERAL_NULL_CONVERSION = YES;
				CLANG_WARN_OBJC_IMPLICIT_RETAIN_SELF = YES;
				CLANG_WARN_OBJC_LITERAL_CONVERSION = YES;
				CLANG_WARN_OBJC_ROOT_CLASS = YES_ERROR;
				CLANG_WARN_QUOTED_INCLUDE_IN_FRAMEWORK_HEADER = YES;
				CLANG_WARN_RANGE_LOOP_ANALYSIS = YES;
				CLANG_WARN_STRICT_PROTOTYPES = YES;
				CLANG_WARN_SUSPICIOUS_MOVE = YES;
				CLANG_WARN_UNGUARDED_AVAILABILITY = YES_AGGRESSIVE;
				CLANG_WARN_UNREACHABLE_CODE = YES;
				CLANG_WARN__DUPLICATE_METHOD_MATCH = YES;
				COPY_PHASE_STRIP = NO;
				DEBUG_INFORMATION_FORMAT = dwarf;
				ENABLE_STRICT_OBJC_MSGSEND = YES;
				ENABLE_TESTABILITY = YES;
				GCC_C_LANGUAGE_STANDARD = gnu11;
				GCC_DYNAMIC_NO_PIC = NO;
				GCC_NO_COMMON_BLOCKS = YES;
				GCC_OPTIMIZATION_LEVEL = 0;
				GCC_PREPROCESSOR_DEFINITIONS = (
					"DEBUG=1",
					"$(inherited)",
				);
				GCC_WARN_64_TO_32_BIT_CONVERSION = YES;
				GCC_WARN_ABOUT_RETURN_TYPE = YES_ERROR;
				GCC_WARN_UNDECLARED_SELECTOR = YES;
				GCC_WARN_UNINITIALIZED_AUTOS = YES_AGGRESSIVE;
				GCC_WARN_UNUSED_FUNCTION = YES;
				GCC_WARN_UNUSED_VARIABLE = YES;
				IPHONEOS_DEPLOYMENT_TARGET = 13.6;
				MTL_ENABLE_DEBUG_INFO = INCLUDE_SOURCE;
				MTL_FAST_MATH = YES;
				ONLY_ACTIVE_ARCH = YES;
				SDKROOT = iphoneos;
				SWIFT_ACTIVE_COMPILATION_CONDITIONS = DEBUG;
				SWIFT_OPTIMIZATION_LEVEL = "-Onone";
			};
			name = Debug;
		};
		2093E03225E593B400E1815C /* Release */ = {
			isa = XCBuildConfiguration;
			buildSettings = {
				ALWAYS_SEARCH_USER_PATHS = NO;
				CLANG_ANALYZER_NONNULL = YES;
				CLANG_ANALYZER_NUMBER_OBJECT_CONVERSION = YES_AGGRESSIVE;
				CLANG_CXX_LANGUAGE_STANDARD = "gnu++14";
				CLANG_CXX_LIBRARY = "libc++";
				CLANG_ENABLE_MODULES = YES;
				CLANG_ENABLE_OBJC_ARC = YES;
				CLANG_ENABLE_OBJC_WEAK = YES;
				CLANG_WARN_BLOCK_CAPTURE_AUTORELEASING = YES;
				CLANG_WARN_BOOL_CONVERSION = YES;
				CLANG_WARN_COMMA = YES;
				CLANG_WARN_CONSTANT_CONVERSION = YES;
				CLANG_WARN_DEPRECATED_OBJC_IMPLEMENTATIONS = YES;
				CLANG_WARN_DIRECT_OBJC_ISA_USAGE = YES_ERROR;
				CLANG_WARN_DOCUMENTATION_COMMENTS = YES;
				CLANG_WARN_EMPTY_BODY = YES;
				CLANG_WARN_ENUM_CONVERSION = YES;
				CLANG_WARN_INFINITE_RECURSION = YES;
				CLANG_WARN_INT_CONVERSION = YES;
				CLANG_WARN_NON_LITERAL_NULL_CONVERSION = YES;
				CLANG_WARN_OBJC_IMPLICIT_RETAIN_SELF = YES;
				CLANG_WARN_OBJC_LITERAL_CONVERSION = YES;
				CLANG_WARN_OBJC_ROOT_CLASS = YES_ERROR;
				CLANG_WARN_QUOTED_INCLUDE_IN_FRAMEWORK_HEADER = YES;
				CLANG_WARN_RANGE_LOOP_ANALYSIS = YES;
				CLANG_WARN_STRICT_PROTOTYPES = YES;
				CLANG_WARN_SUSPICIOUS_MOVE = YES;
				CLANG_WARN_UNGUARDED_AVAILABILITY = YES_AGGRESSIVE;
				CLANG_WARN_UNREACHABLE_CODE = YES;
				CLANG_WARN__DUPLICATE_METHOD_MATCH = YES;
				COPY_PHASE_STRIP = NO;
				DEBUG_INFORMATION_FORMAT = "dwarf-with-dsym";
				ENABLE_NS_ASSERTIONS = NO;
				ENABLE_STRICT_OBJC_MSGSEND = YES;
				GCC_C_LANGUAGE_STANDARD = gnu11;
				GCC_NO_COMMON_BLOCKS = YES;
				GCC_WARN_64_TO_32_BIT_CONVERSION = YES;
				GCC_WARN_ABOUT_RETURN_TYPE = YES_ERROR;
				GCC_WARN_UNDECLARED_SELECTOR = YES;
				GCC_WARN_UNINITIALIZED_AUTOS = YES_AGGRESSIVE;
				GCC_WARN_UNUSED_FUNCTION = YES;
				GCC_WARN_UNUSED_VARIABLE = YES;
				IPHONEOS_DEPLOYMENT_TARGET = 13.6;
				MTL_ENABLE_DEBUG_INFO = NO;
				MTL_FAST_MATH = YES;
				SDKROOT = iphoneos;
				SWIFT_COMPILATION_MODE = wholemodule;
				SWIFT_OPTIMIZATION_LEVEL = "-O";
				VALIDATE_PRODUCT = YES;
			};
			name = Release;
		};
		2093E03425E593B400E1815C /* Debug */ = {
			isa = XCBuildConfiguration;
			baseConfigurationReference = 9EB90EEA6EF919E2CAF844FB /* Pods-SimpleWeather.debug.xcconfig */;
			buildSettings = {
				ASSETCATALOG_COMPILER_APPICON_NAME = AppIcon;
				ASSETCATALOG_COMPILER_GLOBAL_ACCENT_COLOR_NAME = AccentColor;
				CODE_SIGN_STYLE = Automatic;
				INFOPLIST_FILE = SimpleWeather/Info.plist;
				LD_RUNPATH_SEARCH_PATHS = (
					"$(inherited)",
					"@executable_path/Frameworks",
				);
				PRODUCT_BUNDLE_IDENTIFIER = com.ronniev.SimpleWeather;
				PRODUCT_NAME = "$(TARGET_NAME)";
				SWIFT_VERSION = 5.0;
				TARGETED_DEVICE_FAMILY = 1;
			};
			name = Debug;
		};
		2093E03525E593B400E1815C /* Release */ = {
			isa = XCBuildConfiguration;
			baseConfigurationReference = 993BDDA50CE42C4AAC681911 /* Pods-SimpleWeather.release.xcconfig */;
			buildSettings = {
				ASSETCATALOG_COMPILER_APPICON_NAME = AppIcon;
				ASSETCATALOG_COMPILER_GLOBAL_ACCENT_COLOR_NAME = AccentColor;
				CODE_SIGN_STYLE = Automatic;
				INFOPLIST_FILE = SimpleWeather/Info.plist;
				LD_RUNPATH_SEARCH_PATHS = (
					"$(inherited)",
					"@executable_path/Frameworks",
				);
				PRODUCT_BUNDLE_IDENTIFIER = com.ronniev.SimpleWeather;
				PRODUCT_NAME = "$(TARGET_NAME)";
				SWIFT_VERSION = 5.0;
				TARGETED_DEVICE_FAMILY = 1;
			};
			name = Release;
		};
/* End XCBuildConfiguration section */

/* Begin XCConfigurationList section */
		2093E01725E593B100E1815C /* Build configuration list for PBXProject "SimpleWeather" */ = {
			isa = XCConfigurationList;
			buildConfigurations = (
				2093E03125E593B400E1815C /* Debug */,
				2093E03225E593B400E1815C /* Release */,
			);
			defaultConfigurationIsVisible = 0;
			defaultConfigurationName = Release;
		};
		2093E03325E593B400E1815C /* Build configuration list for PBXNativeTarget "SimpleWeather" */ = {
			isa = XCConfigurationList;
			buildConfigurations = (
				2093E03425E593B400E1815C /* Debug */,
				2093E03525E593B400E1815C /* Release */,
			);
			defaultConfigurationIsVisible = 0;
			defaultConfigurationName = Release;
		};
/* End XCConfigurationList section */
	};
	rootObject = 2093E01425E593B100E1815C /* Project object */;
}
